
Microsoft Visual Studio Solution File, Format Version 12.00
# Visual Studio Version 17
VisualStudioVersion = 17.8.34322.80
MinimumVisualStudioVersion = 10.0.40219.1
Project("{FAE04EC0-301F-11D3-BF4B-00C04F79EFBC}") = "TextEditor", "TextEditor.csproj", "{D148B9C6-3011-4768-A2E2-FC47E8735ED5}"
EndProject
Global
	GlobalSection(SolutionConfigurationPlatforms) = preSolution
		Debug|Any CPU = Debug|Any CPU
		Release|Any CPU = Release|Any CPU
	EndGlobalSection
	GlobalSection(ProjectConfigurationPlatforms) = postSolution
		{D148B9C6-3011-4768-A2E2-FC47E8735ED5}.Debug|Any CPU.ActiveCfg = Debug|Any CPU
		{D148B9C6-3011-4768-A2E2-FC47E8735ED5}.Debug|Any CPU.Build.0 = Debug|Any CPU
		{D148B9C6-3011-4768-A2E2-FC47E8735ED5}.Release|Any CPU.ActiveCfg = Release|Any CPU
		{D148B9C6-3011-4768-A2E2-FC47E8735ED5}.Release|Any CPU.Build.0 = Release|Any CPU
	EndGlobalSection
	GlobalSection(SolutionProperties) = preSolution
		HideSolutionNode = FALSE
	EndGlobalSection
	GlobalSection(ExtensibilityGlobals) = postSolution
		SolutionGuid = {39CD0F7D-157D-4073-BF92-0F3CFC825EF7}
	EndGlobalSection
EndGlobal
